
Microsoft Visual Studio Solution File, Format Version 12.00
Project("{FAE04EC0-301F-11D3-BF4B-00C04F79EFBC}") = "webapi", "webapi\webapi.csproj", "{F1C37BC5-7213-4297-BC77-3165C9D8156F}"
EndProject
Project("{2150E333-8FDC-42A3-9474-1A3956D46DE8}") = "Solution Items", "Solution Items", "{178397C1-EA88-4A0A-BF85-D7D4B0B0A52A}"
	ProjectSection(SolutionItems) = preProject
		docker-compose.yml = docker-compose.yml
	EndProjectSection
EndProject
Global
	GlobalSection(SolutionConfigurationPlatforms) = preSolution
		Debug|Any CPU = Debug|Any CPU
		Release|Any CPU = Release|Any CPU
	EndGlobalSection
	GlobalSection(ProjectConfigurationPlatforms) = postSolution
		{F1C37BC5-7213-4297-BC77-3165C9D8156F}.Debug|Any CPU.ActiveCfg = Debug|Any CPU
		{F1C37BC5-7213-4297-BC77-3165C9D8156F}.Debug|Any CPU.Build.0 = Debug|Any CPU
		{F1C37BC5-7213-4297-BC77-3165C9D8156F}.Release|Any CPU.ActiveCfg = Release|Any CPU
		{F1C37BC5-7213-4297-BC77-3165C9D8156F}.Release|Any CPU.Build.0 = Release|Any CPU
	EndGlobalSection
EndGlobal
